
Microsoft Visual Studio Solution File, Format Version 12.00
# Visual Studio Version 16
VisualStudioVersion = 16.0.29709.97
MinimumVisualStudioVersion = 10.0.40219.1
Project("{9A19103F-16F7-4668-BE54-9A1E7A4F7556}") = "scriptsbookmarks", "scriptsbookmarks.csproj", "{13EE56B9-09FB-48A0-B470-AD1DDD8E3BAF}"
EndProject
Global
	GlobalSection(SolutionConfigurationPlatforms) = preSolution
		Debug|Any CPU = Debug|Any CPU
		Release|Any CPU = Release|Any CPU
	EndGlobalSection
	GlobalSection(ProjectConfigurationPlatforms) = postSolution
		{13EE56B9-09FB-48A0-B470-AD1DDD8E3BAF}.Debug|Any CPU.ActiveCfg = Debug|Any CPU
		{13EE56B9-09FB-48A0-B470-AD1DDD8E3BAF}.Debug|Any CPU.Build.0 = Debug|Any CPU
		{13EE56B9-09FB-48A0-B470-AD1DDD8E3BAF}.Release|Any CPU.ActiveCfg = Release|Any CPU
		{13EE56B9-09FB-48A0-B470-AD1DDD8E3BAF}.Release|Any CPU.Build.0 = Release|Any CPU
	EndGlobalSection
	GlobalSection(SolutionProperties) = preSolution
		HideSolutionNode = FALSE
	EndGlobalSection
	GlobalSection(ExtensibilityGlobals) = postSolution
		SolutionGuid = {3A501994-8A05-4E43-82BC-F4F479C73EA2}
	EndGlobalSection
EndGlobal
